// !$*UTF8*$!
{
	archiveVersion = 1;
	classes = {
	};
	objectVersion = 46;
	objects = {

/* Begin PBXBuildFile section */
		26ECC53E146634E200B83428 /* KWAfterAllNode.m in Sources */ = {isa = PBXBuildFile; fileRef = 26ECC4AE146634E200B83428 /* KWAfterAllNode.m */; settings = {COMPILER_FLAGS = "-fno-objc-arc"; }; };
		26ECC53F146634E200B83428 /* KWAfterEachNode.m in Sources */ = {isa = PBXBuildFile; fileRef = 26ECC4B0146634E200B83428 /* KWAfterEachNode.m */; settings = {COMPILER_FLAGS = "-fno-objc-arc"; }; };
		26ECC540146634E200B83428 /* KWAsyncVerifier.m in Sources */ = {isa = PBXBuildFile; fileRef = 26ECC4B2146634E200B83428 /* KWAsyncVerifier.m */; settings = {COMPILER_FLAGS = "-fno-objc-arc"; }; };
		26ECC541146634E200B83428 /* KWBeBetweenMatcher.m in Sources */ = {isa = PBXBuildFile; fileRef = 26ECC4B4146634E200B83428 /* KWBeBetweenMatcher.m */; settings = {COMPILER_FLAGS = "-fno-objc-arc"; }; };
		26ECC542146634E200B83428 /* KWBeEmptyMatcher.m in Sources */ = {isa = PBXBuildFile; fileRef = 26ECC4B6146634E200B83428 /* KWBeEmptyMatcher.m */; settings = {COMPILER_FLAGS = "-fno-objc-arc"; }; };
		26ECC543146634E200B83428 /* KWBeforeAllNode.m in Sources */ = {isa = PBXBuildFile; fileRef = 26ECC4B8146634E200B83428 /* KWBeforeAllNode.m */; settings = {COMPILER_FLAGS = "-fno-objc-arc"; }; };
		26ECC544146634E200B83428 /* KWBeforeEachNode.m in Sources */ = {isa = PBXBuildFile; fileRef = 26ECC4BA146634E200B83428 /* KWBeforeEachNode.m */; settings = {COMPILER_FLAGS = "-fno-objc-arc"; }; };
		26ECC545146634E200B83428 /* KWBeIdenticalToMatcher.m in Sources */ = {isa = PBXBuildFile; fileRef = 26ECC4BC146634E200B83428 /* KWBeIdenticalToMatcher.m */; settings = {COMPILER_FLAGS = "-fno-objc-arc"; }; };
		26ECC546146634E200B83428 /* KWBeKindOfClassMatcher.m in Sources */ = {isa = PBXBuildFile; fileRef = 26ECC4BE146634E200B83428 /* KWBeKindOfClassMatcher.m */; settings = {COMPILER_FLAGS = "-fno-objc-arc"; }; };
		26ECC547146634E200B83428 /* KWBeMemberOfClassMatcher.m in Sources */ = {isa = PBXBuildFile; fileRef = 26ECC4C0146634E200B83428 /* KWBeMemberOfClassMatcher.m */; settings = {COMPILER_FLAGS = "-fno-objc-arc"; }; };
		26ECC548146634E200B83428 /* KWBeNilMatcher.m in Sources */ = {isa = PBXBuildFile; fileRef = 26ECC4C2146634E200B83428 /* KWBeNilMatcher.m */; settings = {COMPILER_FLAGS = "-fno-objc-arc"; }; };
		26ECC549146634E200B83428 /* KWBeNonNilMatcher.m in Sources */ = {isa = PBXBuildFile; fileRef = 26ECC4C4146634E200B83428 /* KWBeNonNilMatcher.m */; settings = {COMPILER_FLAGS = "-fno-objc-arc"; }; };
		26ECC54A146634E200B83428 /* KWBeTrueMatcher.m in Sources */ = {isa = PBXBuildFile; fileRef = 26ECC4C6146634E200B83428 /* KWBeTrueMatcher.m */; settings = {COMPILER_FLAGS = "-fno-objc-arc"; }; };
		26ECC54B146634E200B83428 /* KWBeWithinMatcher.m in Sources */ = {isa = PBXBuildFile; fileRef = 26ECC4C8146634E200B83428 /* KWBeWithinMatcher.m */; settings = {COMPILER_FLAGS = "-fno-objc-arc"; }; };
		26ECC54C146634E200B83428 /* KWBeZeroMatcher.m in Sources */ = {isa = PBXBuildFile; fileRef = 26ECC4CA146634E200B83428 /* KWBeZeroMatcher.m */; settings = {COMPILER_FLAGS = "-fno-objc-arc"; }; };
		26ECC54D146634E200B83428 /* KWBlock.m in Sources */ = {isa = PBXBuildFile; fileRef = 26ECC4CC146634E200B83428 /* KWBlock.m */; settings = {COMPILER_FLAGS = "-fno-objc-arc"; }; };
		26ECC54E146634E200B83428 /* KWBlockNode.m in Sources */ = {isa = PBXBuildFile; fileRef = 26ECC4CE146634E200B83428 /* KWBlockNode.m */; settings = {COMPILER_FLAGS = "-fno-objc-arc"; }; };
		26ECC54F146634E200B83428 /* KWBlockRaiseMatcher.m in Sources */ = {isa = PBXBuildFile; fileRef = 26ECC4D0146634E200B83428 /* KWBlockRaiseMatcher.m */; settings = {COMPILER_FLAGS = "-fno-objc-arc"; }; };
		26ECC550146634E200B83428 /* KWCallSite.m in Sources */ = {isa = PBXBuildFile; fileRef = 26ECC4D2146634E200B83428 /* KWCallSite.m */; settings = {COMPILER_FLAGS = "-fno-objc-arc"; }; };
		26ECC551146634E200B83428 /* KWConformToProtocolMatcher.m in Sources */ = {isa = PBXBuildFile; fileRef = 26ECC4D4146634E200B83428 /* KWConformToProtocolMatcher.m */; settings = {COMPILER_FLAGS = "-fno-objc-arc"; }; };
		26ECC552146634E200B83428 /* KWContainMatcher.m in Sources */ = {isa = PBXBuildFile; fileRef = 26ECC4D6146634E200B83428 /* KWContainMatcher.m */; settings = {COMPILER_FLAGS = "-fno-objc-arc"; }; };
		26ECC553146634E200B83428 /* KWContextNode.m in Sources */ = {isa = PBXBuildFile; fileRef = 26ECC4D8146634E200B83428 /* KWContextNode.m */; settings = {COMPILER_FLAGS = "-fno-objc-arc"; }; };
		26ECC554146634E200B83428 /* KWDeviceInfo.m in Sources */ = {isa = PBXBuildFile; fileRef = 26ECC4DB146634E200B83428 /* KWDeviceInfo.m */; settings = {COMPILER_FLAGS = "-fno-objc-arc"; }; };
		26ECC555146634E200B83428 /* KWEqualMatcher.m in Sources */ = {isa = PBXBuildFile; fileRef = 26ECC4DD146634E200B83428 /* KWEqualMatcher.m */; settings = {COMPILER_FLAGS = "-fno-objc-arc"; }; };
		26ECC556146634E200B83428 /* KWExampleGroup.m in Sources */ = {isa = PBXBuildFile; fileRef = 26ECC4DF146634E200B83428 /* KWExampleGroup.m */; settings = {COMPILER_FLAGS = "-fno-objc-arc"; }; };
		26ECC557146634E200B83428 /* KWExampleGroupBuilder.m in Sources */ = {isa = PBXBuildFile; fileRef = 26ECC4E1146634E200B83428 /* KWExampleGroupBuilder.m */; settings = {COMPILER_FLAGS = "-fno-objc-arc"; }; };
		26ECC558146634E200B83428 /* KWExistVerifier.m in Sources */ = {isa = PBXBuildFile; fileRef = 26ECC4E6146634E200B83428 /* KWExistVerifier.m */; settings = {COMPILER_FLAGS = "-fno-objc-arc"; }; };
		26ECC559146634E200B83428 /* KWFailure.m in Sources */ = {isa = PBXBuildFile; fileRef = 26ECC4E9146634E200B83428 /* KWFailure.m */; settings = {COMPILER_FLAGS = "-fno-objc-arc"; }; };
		26ECC55A146634E200B83428 /* KWFormatter.m in Sources */ = {isa = PBXBuildFile; fileRef = 26ECC4EB146634E200B83428 /* KWFormatter.m */; settings = {COMPILER_FLAGS = "-fno-objc-arc"; }; };
		26ECC55B146634E200B83428 /* KWFutureObject.m in Sources */ = {isa = PBXBuildFile; fileRef = 26ECC4ED146634E200B83428 /* KWFutureObject.m */; settings = {COMPILER_FLAGS = "-fno-objc-arc"; }; };
		26ECC55C146634E200B83428 /* KWHamcrestMatcher.m in Sources */ = {isa = PBXBuildFile; fileRef = 26ECC4EF146634E200B83428 /* KWHamcrestMatcher.m */; settings = {COMPILER_FLAGS = "-fno-objc-arc"; }; };
		26ECC55D146634E200B83428 /* KWHamrestMatchingAdditions.m in Sources */ = {isa = PBXBuildFile; fileRef = 26ECC4F1146634E200B83428 /* KWHamrestMatchingAdditions.m */; settings = {COMPILER_FLAGS = "-fno-objc-arc"; }; };
		26ECC55E146634E200B83428 /* KWHaveMatcher.m in Sources */ = {isa = PBXBuildFile; fileRef = 26ECC4F3146634E200B83428 /* KWHaveMatcher.m */; settings = {COMPILER_FLAGS = "-fno-objc-arc"; }; };
		26ECC55F146634E200B83428 /* KWHaveValueMatcher.m in Sources */ = {isa = PBXBuildFile; fileRef = 26ECC4F5146634E200B83428 /* KWHaveValueMatcher.m */; settings = {COMPILER_FLAGS = "-fno-objc-arc"; }; };
		26ECC560146634E200B83428 /* KWInequalityMatcher.m in Sources */ = {isa = PBXBuildFile; fileRef = 26ECC4F8146634E200B83428 /* KWInequalityMatcher.m */; settings = {COMPILER_FLAGS = "-fno-objc-arc"; }; };
		26ECC561146634E200B83428 /* KWIntercept.m in Sources */ = {isa = PBXBuildFile; fileRef = 26ECC4FA146634E200B83428 /* KWIntercept.m */; settings = {COMPILER_FLAGS = "-fno-objc-arc"; }; };
		26ECC562146634E200B83428 /* KWInvocationCapturer.m in Sources */ = {isa = PBXBuildFile; fileRef = 26ECC4FC146634E200B83428 /* KWInvocationCapturer.m */; settings = {COMPILER_FLAGS = "-fno-objc-arc"; }; };
		26ECC563146634E200B83428 /* KWItNode.m in Sources */ = {isa = PBXBuildFile; fileRef = 26ECC4FE146634E200B83428 /* KWItNode.m */; settings = {COMPILER_FLAGS = "-fno-objc-arc"; }; };
		26ECC564146634E200B83428 /* KWMatcher.m in Sources */ = {isa = PBXBuildFile; fileRef = 26ECC500146634E200B83428 /* KWMatcher.m */; settings = {COMPILER_FLAGS = "-fno-objc-arc"; }; };
		26ECC565146634E200B83428 /* KWMatcherFactory.m in Sources */ = {isa = PBXBuildFile; fileRef = 26ECC502146634E200B83428 /* KWMatcherFactory.m */; settings = {COMPILER_FLAGS = "-fno-objc-arc"; }; };
		26ECC566146634E200B83428 /* KWMatchers.m in Sources */ = {isa = PBXBuildFile; fileRef = 26ECC504146634E200B83428 /* KWMatchers.m */; settings = {COMPILER_FLAGS = "-fno-objc-arc"; }; };
		26ECC567146634E200B83428 /* KWMatchVerifier.m in Sources */ = {isa = PBXBuildFile; fileRef = 26ECC507146634E200B83428 /* KWMatchVerifier.m */; settings = {COMPILER_FLAGS = "-fno-objc-arc"; }; };
		26ECC568146634E200B83428 /* KWMessagePattern.m in Sources */ = {isa = PBXBuildFile; fileRef = 26ECC509146634E200B83428 /* KWMessagePattern.m */; settings = {COMPILER_FLAGS = "-fno-objc-arc"; }; };
		26ECC569146634E200B83428 /* KWMessageTracker.m in Sources */ = {isa = PBXBuildFile; fileRef = 26ECC50C146634E200B83428 /* KWMessageTracker.m */; settings = {COMPILER_FLAGS = "-fno-objc-arc"; }; };
		26ECC56A146634E200B83428 /* KWMock.m in Sources */ = {isa = PBXBuildFile; fileRef = 26ECC50E146634E200B83428 /* KWMock.m */; settings = {COMPILER_FLAGS = "-fno-objc-arc"; }; };
		26ECC56B146634E200B83428 /* KWNull.m in Sources */ = {isa = PBXBuildFile; fileRef = 26ECC510146634E200B83428 /* KWNull.m */; settings = {COMPILER_FLAGS = "-fno-objc-arc"; }; };
		26ECC56C146634E200B83428 /* KWObjCUtilities.m in Sources */ = {isa = PBXBuildFile; fileRef = 26ECC512146634E200B83428 /* KWObjCUtilities.m */; settings = {COMPILER_FLAGS = "-fno-objc-arc"; }; };
		26ECC56D146634E200B83428 /* KWPendingNode.m in Sources */ = {isa = PBXBuildFile; fileRef = 26ECC514146634E200B83428 /* KWPendingNode.m */; settings = {COMPILER_FLAGS = "-fno-objc-arc"; }; };
		26ECC56E146634E200B83428 /* KWProbePoller.m in Sources */ = {isa = PBXBuildFile; fileRef = 26ECC517146634E200B83428 /* KWProbePoller.m */; settings = {COMPILER_FLAGS = "-fno-objc-arc"; }; };
		26ECC56F146634E200B83428 /* KWRaiseMatcher.m in Sources */ = {isa = PBXBuildFile; fileRef = 26ECC519146634E200B83428 /* KWRaiseMatcher.m */; settings = {COMPILER_FLAGS = "-fno-objc-arc"; }; };
		26ECC570146634E200B83428 /* KWReceiveMatcher.m in Sources */ = {isa = PBXBuildFile; fileRef = 26ECC51B146634E200B83428 /* KWReceiveMatcher.m */; settings = {COMPILER_FLAGS = "-fno-objc-arc"; }; };
		26ECC571146634E200B83428 /* KWRegisterMatchersNode.m in Sources */ = {isa = PBXBuildFile; fileRef = 26ECC51D146634E200B83428 /* KWRegisterMatchersNode.m */; settings = {COMPILER_FLAGS = "-fno-objc-arc"; }; };
		26ECC572146634E200B83428 /* KWRespondToSelectorMatcher.m in Sources */ = {isa = PBXBuildFile; fileRef = 26ECC520146634E200B83428 /* KWRespondToSelectorMatcher.m */; settings = {COMPILER_FLAGS = "-fno-objc-arc"; }; };
		26ECC573146634E200B83428 /* KWSpec.m in Sources */ = {isa = PBXBuildFile; fileRef = 26ECC522146634E200B83428 /* KWSpec.m */; settings = {COMPILER_FLAGS = "-fno-objc-arc"; }; };
		26ECC574146634E200B83428 /* KWStringUtilities.m in Sources */ = {isa = PBXBuildFile; fileRef = 26ECC524146634E200B83428 /* KWStringUtilities.m */; settings = {COMPILER_FLAGS = "-fno-objc-arc"; }; };
		26ECC575146634E200B83428 /* KWStub.m in Sources */ = {isa = PBXBuildFile; fileRef = 26ECC526146634E200B83428 /* KWStub.m */; settings = {COMPILER_FLAGS = "-fno-objc-arc"; }; };
		26ECC576146634E200B83428 /* KWTestCase.m in Sources */ = {isa = PBXBuildFile; fileRef = 26ECC528146634E200B83428 /* KWTestCase.m */; settings = {COMPILER_FLAGS = "-fno-objc-arc"; }; };
		26ECC577146634E200B83428 /* KWUserDefinedMatcher.m in Sources */ = {isa = PBXBuildFile; fileRef = 26ECC52A146634E200B83428 /* KWUserDefinedMatcher.m */; settings = {COMPILER_FLAGS = "-fno-objc-arc"; }; };
		26ECC578146634E200B83428 /* KWValue.m in Sources */ = {isa = PBXBuildFile; fileRef = 26ECC52C146634E200B83428 /* KWValue.m */; settings = {COMPILER_FLAGS = "-fno-objc-arc"; }; };
		26ECC579146634E200B83428 /* KWWorkarounds.m in Sources */ = {isa = PBXBuildFile; fileRef = 26ECC52F146634E200B83428 /* KWWorkarounds.m */; settings = {COMPILER_FLAGS = "-fno-objc-arc"; }; };
		26ECC57A146634E200B83428 /* NSInvocation+KiwiAdditions.m in Sources */ = {isa = PBXBuildFile; fileRef = 26ECC531146634E200B83428 /* NSInvocation+KiwiAdditions.m */; settings = {COMPILER_FLAGS = "-fno-objc-arc"; }; };
		26ECC57B146634E200B83428 /* NSMethodSignature+KiwiAdditions.m in Sources */ = {isa = PBXBuildFile; fileRef = 26ECC533146634E200B83428 /* NSMethodSignature+KiwiAdditions.m */; settings = {COMPILER_FLAGS = "-fno-objc-arc"; }; };
		26ECC57C146634E200B83428 /* NSNumber+KiwiAdditions.m in Sources */ = {isa = PBXBuildFile; fileRef = 26ECC535146634E200B83428 /* NSNumber+KiwiAdditions.m */; settings = {COMPILER_FLAGS = "-fno-objc-arc"; }; };
		26ECC57D146634E200B83428 /* NSObject+KiwiMockAdditions.m in Sources */ = {isa = PBXBuildFile; fileRef = 26ECC537146634E200B83428 /* NSObject+KiwiMockAdditions.m */; settings = {COMPILER_FLAGS = "-fno-objc-arc"; }; };
		26ECC57E146634E200B83428 /* NSObject+KiwiStubAdditions.m in Sources */ = {isa = PBXBuildFile; fileRef = 26ECC539146634E200B83428 /* NSObject+KiwiStubAdditions.m */; settings = {COMPILER_FLAGS = "-fno-objc-arc"; }; };
		26ECC57F146634E200B83428 /* NSObject+KiwiVerifierAdditions.m in Sources */ = {isa = PBXBuildFile; fileRef = 26ECC53B146634E200B83428 /* NSObject+KiwiVerifierAdditions.m */; settings = {COMPILER_FLAGS = "-fno-objc-arc"; }; };
		26ECC580146634E200B83428 /* NSValue+KiwiAdditions.m in Sources */ = {isa = PBXBuildFile; fileRef = 26ECC53D146634E200B83428 /* NSValue+KiwiAdditions.m */; settings = {COMPILER_FLAGS = "-fno-objc-arc"; }; };
		D15C53E812C3FB6300929E2A /* AboutValueAssertions.m in Sources */ = {isa = PBXBuildFile; fileRef = D15C53E712C3FB6300929E2A /* AboutValueAssertions.m */; settings = {COMPILER_FLAGS = "-fno-objc-arc"; }; };
		D174002512C43FE500775C72 /* AboutNil.m in Sources */ = {isa = PBXBuildFile; fileRef = D174002412C43FE500775C72 /* AboutNil.m */; settings = {COMPILER_FLAGS = "-fno-objc-arc"; }; };
		D17C5AEB12CD6C8300E961B8 /* AboutNSArray.m in Sources */ = {isa = PBXBuildFile; fileRef = D17C5AEA12CD6C8300E961B8 /* AboutNSArray.m */; settings = {COMPILER_FLAGS = "-fno-objc-arc"; }; };
		D51A7FEA146C280F0059076B /* AboutARC.m in Sources */ = {isa = PBXBuildFile; fileRef = D51A7FE9146C280F0059076B /* AboutARC.m */; };
		D5EA8185146B5FFF00C2F616 /* AboutRetain.m in Sources */ = {isa = PBXBuildFile; fileRef = D5EA8184146B5FFF00C2F616 /* AboutRetain.m */; settings = {COMPILER_FLAGS = "-fno-objc-arc"; }; };
/* End PBXBuildFile section */

/* Begin PBXFileReference section */
		1D30AB110D05D00D00671497 /* Foundation.framework */ = {isa = PBXFileReference; lastKnownFileType = wrapper.framework; name = Foundation.framework; path = System/Library/Frameworks/Foundation.framework; sourceTree = SDKROOT; };
		1DF5F4DF0D08C38300B7A737 /* UIKit.framework */ = {isa = PBXFileReference; lastKnownFileType = wrapper.framework; name = UIKit.framework; path = System/Library/Frameworks/UIKit.framework; sourceTree = SDKROOT; };
		26ECC4A8146634E200B83428 /* Kiwi.h */ = {isa = PBXFileReference; fileEncoding = 4; lastKnownFileType = sourcecode.c.h; path = Kiwi.h; sourceTree = "<group>"; };
		26ECC4A9146634E200B83428 /* KiwiBlockMacros.h */ = {isa = PBXFileReference; fileEncoding = 4; lastKnownFileType = sourcecode.c.h; path = KiwiBlockMacros.h; sourceTree = "<group>"; };
		26ECC4AA146634E200B83428 /* KiwiConfiguration.h */ = {isa = PBXFileReference; fileEncoding = 4; lastKnownFileType = sourcecode.c.h; path = KiwiConfiguration.h; sourceTree = "<group>"; };
		26ECC4AB146634E200B83428 /* KiwiMacros.h */ = {isa = PBXFileReference; fileEncoding = 4; lastKnownFileType = sourcecode.c.h; path = KiwiMacros.h; sourceTree = "<group>"; };
		26ECC4AC146634E200B83428 /* KiwiNewMacros.h */ = {isa = PBXFileReference; fileEncoding = 4; lastKnownFileType = sourcecode.c.h; path = KiwiNewMacros.h; sourceTree = "<group>"; };
		26ECC4AD146634E200B83428 /* KWAfterAllNode.h */ = {isa = PBXFileReference; fileEncoding = 4; lastKnownFileType = sourcecode.c.h; path = KWAfterAllNode.h; sourceTree = "<group>"; };
		26ECC4AE146634E200B83428 /* KWAfterAllNode.m */ = {isa = PBXFileReference; fileEncoding = 4; lastKnownFileType = sourcecode.c.objc; path = KWAfterAllNode.m; sourceTree = "<group>"; };
		26ECC4AF146634E200B83428 /* KWAfterEachNode.h */ = {isa = PBXFileReference; fileEncoding = 4; lastKnownFileType = sourcecode.c.h; path = KWAfterEachNode.h; sourceTree = "<group>"; };
		26ECC4B0146634E200B83428 /* KWAfterEachNode.m */ = {isa = PBXFileReference; fileEncoding = 4; lastKnownFileType = sourcecode.c.objc; path = KWAfterEachNode.m; sourceTree = "<group>"; };
		26ECC4B1146634E200B83428 /* KWAsyncVerifier.h */ = {isa = PBXFileReference; fileEncoding = 4; lastKnownFileType = sourcecode.c.h; path = KWAsyncVerifier.h; sourceTree = "<group>"; };
		26ECC4B2146634E200B83428 /* KWAsyncVerifier.m */ = {isa = PBXFileReference; fileEncoding = 4; lastKnownFileType = sourcecode.c.objc; path = KWAsyncVerifier.m; sourceTree = "<group>"; };
		26ECC4B3146634E200B83428 /* KWBeBetweenMatcher.h */ = {isa = PBXFileReference; fileEncoding = 4; lastKnownFileType = sourcecode.c.h; path = KWBeBetweenMatcher.h; sourceTree = "<group>"; };
		26ECC4B4146634E200B83428 /* KWBeBetweenMatcher.m */ = {isa = PBXFileReference; fileEncoding = 4; lastKnownFileType = sourcecode.c.objc; path = KWBeBetweenMatcher.m; sourceTree = "<group>"; };
		26ECC4B5146634E200B83428 /* KWBeEmptyMatcher.h */ = {isa = PBXFileReference; fileEncoding = 4; lastKnownFileType = sourcecode.c.h; path = KWBeEmptyMatcher.h; sourceTree = "<group>"; };
		26ECC4B6146634E200B83428 /* KWBeEmptyMatcher.m */ = {isa = PBXFileReference; fileEncoding = 4; lastKnownFileType = sourcecode.c.objc; path = KWBeEmptyMatcher.m; sourceTree = "<group>"; };
		26ECC4B7146634E200B83428 /* KWBeforeAllNode.h */ = {isa = PBXFileReference; fileEncoding = 4; lastKnownFileType = sourcecode.c.h; path = KWBeforeAllNode.h; sourceTree = "<group>"; };
		26ECC4B8146634E200B83428 /* KWBeforeAllNode.m */ = {isa = PBXFileReference; fileEncoding = 4; lastKnownFileType = sourcecode.c.objc; path = KWBeforeAllNode.m; sourceTree = "<group>"; };
		26ECC4B9146634E200B83428 /* KWBeforeEachNode.h */ = {isa = PBXFileReference; fileEncoding = 4; lastKnownFileType = sourcecode.c.h; path = KWBeforeEachNode.h; sourceTree = "<group>"; };
		26ECC4BA146634E200B83428 /* KWBeforeEachNode.m */ = {isa = PBXFileReference; fileEncoding = 4; lastKnownFileType = sourcecode.c.objc; path = KWBeforeEachNode.m; sourceTree = "<group>"; };
		26ECC4BB146634E200B83428 /* KWBeIdenticalToMatcher.h */ = {isa = PBXFileReference; fileEncoding = 4; lastKnownFileType = sourcecode.c.h; path = KWBeIdenticalToMatcher.h; sourceTree = "<group>"; };
		26ECC4BC146634E200B83428 /* KWBeIdenticalToMatcher.m */ = {isa = PBXFileReference; fileEncoding = 4; lastKnownFileType = sourcecode.c.objc; path = KWBeIdenticalToMatcher.m; sourceTree = "<group>"; };
		26ECC4BD146634E200B83428 /* KWBeKindOfClassMatcher.h */ = {isa = PBXFileReference; fileEncoding = 4; lastKnownFileType = sourcecode.c.h; path = KWBeKindOfClassMatcher.h; sourceTree = "<group>"; };
		26ECC4BE146634E200B83428 /* KWBeKindOfClassMatcher.m */ = {isa = PBXFileReference; fileEncoding = 4; lastKnownFileType = sourcecode.c.objc; path = KWBeKindOfClassMatcher.m; sourceTree = "<group>"; };
		26ECC4BF146634E200B83428 /* KWBeMemberOfClassMatcher.h */ = {isa = PBXFileReference; fileEncoding = 4; lastKnownFileType = sourcecode.c.h; path = KWBeMemberOfClassMatcher.h; sourceTree = "<group>"; };
		26ECC4C0146634E200B83428 /* KWBeMemberOfClassMatcher.m */ = {isa = PBXFileReference; fileEncoding = 4; lastKnownFileType = sourcecode.c.objc; path = KWBeMemberOfClassMatcher.m; sourceTree = "<group>"; };
		26ECC4C1146634E200B83428 /* KWBeNilMatcher.h */ = {isa = PBXFileReference; fileEncoding = 4; lastKnownFileType = sourcecode.c.h; path = KWBeNilMatcher.h; sourceTree = "<group>"; };
		26ECC4C2146634E200B83428 /* KWBeNilMatcher.m */ = {isa = PBXFileReference; fileEncoding = 4; lastKnownFileType = sourcecode.c.objc; path = KWBeNilMatcher.m; sourceTree = "<group>"; };
		26ECC4C3146634E200B83428 /* KWBeNonNilMatcher.h */ = {isa = PBXFileReference; fileEncoding = 4; lastKnownFileType = sourcecode.c.h; path = KWBeNonNilMatcher.h; sourceTree = "<group>"; };
		26ECC4C4146634E200B83428 /* KWBeNonNilMatcher.m */ = {isa = PBXFileReference; fileEncoding = 4; lastKnownFileType = sourcecode.c.objc; path = KWBeNonNilMatcher.m; sourceTree = "<group>"; };
		26ECC4C5146634E200B83428 /* KWBeTrueMatcher.h */ = {isa = PBXFileReference; fileEncoding = 4; lastKnownFileType = sourcecode.c.h; path = KWBeTrueMatcher.h; sourceTree = "<group>"; };
		26ECC4C6146634E200B83428 /* KWBeTrueMatcher.m */ = {isa = PBXFileReference; fileEncoding = 4; lastKnownFileType = sourcecode.c.objc; path = KWBeTrueMatcher.m; sourceTree = "<group>"; };
		26ECC4C7146634E200B83428 /* KWBeWithinMatcher.h */ = {isa = PBXFileReference; fileEncoding = 4; lastKnownFileType = sourcecode.c.h; path = KWBeWithinMatcher.h; sourceTree = "<group>"; };
		26ECC4C8146634E200B83428 /* KWBeWithinMatcher.m */ = {isa = PBXFileReference; fileEncoding = 4; lastKnownFileType = sourcecode.c.objc; path = KWBeWithinMatcher.m; sourceTree = "<group>"; };
		26ECC4C9146634E200B83428 /* KWBeZeroMatcher.h */ = {isa = PBXFileReference; fileEncoding = 4; lastKnownFileType = sourcecode.c.h; path = KWBeZeroMatcher.h; sourceTree = "<group>"; };
		26ECC4CA146634E200B83428 /* KWBeZeroMatcher.m */ = {isa = PBXFileReference; fileEncoding = 4; lastKnownFileType = sourcecode.c.objc; path = KWBeZeroMatcher.m; sourceTree = "<group>"; };
		26ECC4CB146634E200B83428 /* KWBlock.h */ = {isa = PBXFileReference; fileEncoding = 4; lastKnownFileType = sourcecode.c.h; path = KWBlock.h; sourceTree = "<group>"; };
		26ECC4CC146634E200B83428 /* KWBlock.m */ = {isa = PBXFileReference; fileEncoding = 4; lastKnownFileType = sourcecode.c.objc; path = KWBlock.m; sourceTree = "<group>"; };
		26ECC4CD146634E200B83428 /* KWBlockNode.h */ = {isa = PBXFileReference; fileEncoding = 4; lastKnownFileType = sourcecode.c.h; path = KWBlockNode.h; sourceTree = "<group>"; };
		26ECC4CE146634E200B83428 /* KWBlockNode.m */ = {isa = PBXFileReference; fileEncoding = 4; lastKnownFileType = sourcecode.c.objc; path = KWBlockNode.m; sourceTree = "<group>"; };
		26ECC4CF146634E200B83428 /* KWBlockRaiseMatcher.h */ = {isa = PBXFileReference; fileEncoding = 4; lastKnownFileType = sourcecode.c.h; path = KWBlockRaiseMatcher.h; sourceTree = "<group>"; };
		26ECC4D0146634E200B83428 /* KWBlockRaiseMatcher.m */ = {isa = PBXFileReference; fileEncoding = 4; lastKnownFileType = sourcecode.c.objc; path = KWBlockRaiseMatcher.m; sourceTree = "<group>"; };
		26ECC4D1146634E200B83428 /* KWCallSite.h */ = {isa = PBXFileReference; fileEncoding = 4; lastKnownFileType = sourcecode.c.h; path = KWCallSite.h; sourceTree = "<group>"; };
		26ECC4D2146634E200B83428 /* KWCallSite.m */ = {isa = PBXFileReference; fileEncoding = 4; lastKnownFileType = sourcecode.c.objc; path = KWCallSite.m; sourceTree = "<group>"; };
		26ECC4D3146634E200B83428 /* KWConformToProtocolMatcher.h */ = {isa = PBXFileReference; fileEncoding = 4; lastKnownFileType = sourcecode.c.h; path = KWConformToProtocolMatcher.h; sourceTree = "<group>"; };
		26ECC4D4146634E200B83428 /* KWConformToProtocolMatcher.m */ = {isa = PBXFileReference; fileEncoding = 4; lastKnownFileType = sourcecode.c.objc; path = KWConformToProtocolMatcher.m; sourceTree = "<group>"; };
		26ECC4D5146634E200B83428 /* KWContainMatcher.h */ = {isa = PBXFileReference; fileEncoding = 4; lastKnownFileType = sourcecode.c.h; path = KWContainMatcher.h; sourceTree = "<group>"; };
		26ECC4D6146634E200B83428 /* KWContainMatcher.m */ = {isa = PBXFileReference; fileEncoding = 4; lastKnownFileType = sourcecode.c.objc; path = KWContainMatcher.m; sourceTree = "<group>"; };
		26ECC4D7146634E200B83428 /* KWContextNode.h */ = {isa = PBXFileReference; fileEncoding = 4; lastKnownFileType = sourcecode.c.h; path = KWContextNode.h; sourceTree = "<group>"; };
		26ECC4D8146634E200B83428 /* KWContextNode.m */ = {isa = PBXFileReference; fileEncoding = 4; lastKnownFileType = sourcecode.c.objc; path = KWContextNode.m; sourceTree = "<group>"; };
		26ECC4D9146634E200B83428 /* KWCountType.h */ = {isa = PBXFileReference; fileEncoding = 4; lastKnownFileType = sourcecode.c.h; path = KWCountType.h; sourceTree = "<group>"; };
		26ECC4DA146634E200B83428 /* KWDeviceInfo.h */ = {isa = PBXFileReference; fileEncoding = 4; lastKnownFileType = sourcecode.c.h; path = KWDeviceInfo.h; sourceTree = "<group>"; };
		26ECC4DB146634E200B83428 /* KWDeviceInfo.m */ = {isa = PBXFileReference; fileEncoding = 4; lastKnownFileType = sourcecode.c.objc; path = KWDeviceInfo.m; sourceTree = "<group>"; };
		26ECC4DC146634E200B83428 /* KWEqualMatcher.h */ = {isa = PBXFileReference; fileEncoding = 4; lastKnownFileType = sourcecode.c.h; path = KWEqualMatcher.h; sourceTree = "<group>"; };
		26ECC4DD146634E200B83428 /* KWEqualMatcher.m */ = {isa = PBXFileReference; fileEncoding = 4; lastKnownFileType = sourcecode.c.objc; path = KWEqualMatcher.m; sourceTree = "<group>"; };
		26ECC4DE146634E200B83428 /* KWExampleGroup.h */ = {isa = PBXFileReference; fileEncoding = 4; lastKnownFileType = sourcecode.c.h; path = KWExampleGroup.h; sourceTree = "<group>"; };
		26ECC4DF146634E200B83428 /* KWExampleGroup.m */ = {isa = PBXFileReference; fileEncoding = 4; lastKnownFileType = sourcecode.c.objc; path = KWExampleGroup.m; sourceTree = "<group>"; };
		26ECC4E0146634E200B83428 /* KWExampleGroupBuilder.h */ = {isa = PBXFileReference; fileEncoding = 4; lastKnownFileType = sourcecode.c.h; path = KWExampleGroupBuilder.h; sourceTree = "<group>"; };
		26ECC4E1146634E200B83428 /* KWExampleGroupBuilder.m */ = {isa = PBXFileReference; fileEncoding = 4; lastKnownFileType = sourcecode.c.objc; path = KWExampleGroupBuilder.m; sourceTree = "<group>"; };
		26ECC4E2146634E200B83428 /* KWExampleGroupDelegate.h */ = {isa = PBXFileReference; fileEncoding = 4; lastKnownFileType = sourcecode.c.h; path = KWExampleGroupDelegate.h; sourceTree = "<group>"; };
		26ECC4E3146634E200B83428 /* KWExampleNode.h */ = {isa = PBXFileReference; fileEncoding = 4; lastKnownFileType = sourcecode.c.h; path = KWExampleNode.h; sourceTree = "<group>"; };
		26ECC4E4146634E200B83428 /* KWExampleNodeVisitor.h */ = {isa = PBXFileReference; fileEncoding = 4; lastKnownFileType = sourcecode.c.h; path = KWExampleNodeVisitor.h; sourceTree = "<group>"; };
		26ECC4E5146634E200B83428 /* KWExistVerifier.h */ = {isa = PBXFileReference; fileEncoding = 4; lastKnownFileType = sourcecode.c.h; path = KWExistVerifier.h; sourceTree = "<group>"; };
		26ECC4E6146634E200B83428 /* KWExistVerifier.m */ = {isa = PBXFileReference; fileEncoding = 4; lastKnownFileType = sourcecode.c.objc; path = KWExistVerifier.m; sourceTree = "<group>"; };
		26ECC4E7146634E200B83428 /* KWExpectationType.h */ = {isa = PBXFileReference; fileEncoding = 4; lastKnownFileType = sourcecode.c.h; path = KWExpectationType.h; sourceTree = "<group>"; };
		26ECC4E8146634E200B83428 /* KWFailure.h */ = {isa = PBXFileReference; fileEncoding = 4; lastKnownFileType = sourcecode.c.h; path = KWFailure.h; sourceTree = "<group>"; };
		26ECC4E9146634E200B83428 /* KWFailure.m */ = {isa = PBXFileReference; fileEncoding = 4; lastKnownFileType = sourcecode.c.objc; path = KWFailure.m; sourceTree = "<group>"; };
		26ECC4EA146634E200B83428 /* KWFormatter.h */ = {isa = PBXFileReference; fileEncoding = 4; lastKnownFileType = sourcecode.c.h; path = KWFormatter.h; sourceTree = "<group>"; };
		26ECC4EB146634E200B83428 /* KWFormatter.m */ = {isa = PBXFileReference; fileEncoding = 4; lastKnownFileType = sourcecode.c.objc; path = KWFormatter.m; sourceTree = "<group>"; };
		26ECC4EC146634E200B83428 /* KWFutureObject.h */ = {isa = PBXFileReference; fileEncoding = 4; lastKnownFileType = sourcecode.c.h; path = KWFutureObject.h; sourceTree = "<group>"; };
		26ECC4ED146634E200B83428 /* KWFutureObject.m */ = {isa = PBXFileReference; fileEncoding = 4; lastKnownFileType = sourcecode.c.objc; path = KWFutureObject.m; sourceTree = "<group>"; };
		26ECC4EE146634E200B83428 /* KWHamcrestMatcher.h */ = {isa = PBXFileReference; fileEncoding = 4; lastKnownFileType = sourcecode.c.h; path = KWHamcrestMatcher.h; sourceTree = "<group>"; };
		26ECC4EF146634E200B83428 /* KWHamcrestMatcher.m */ = {isa = PBXFileReference; fileEncoding = 4; lastKnownFileType = sourcecode.c.objc; path = KWHamcrestMatcher.m; sourceTree = "<group>"; };
		26ECC4F0146634E200B83428 /* KWHamrestMatchingAdditions.h */ = {isa = PBXFileReference; fileEncoding = 4; lastKnownFileType = sourcecode.c.h; path = KWHamrestMatchingAdditions.h; sourceTree = "<group>"; };
		26ECC4F1146634E200B83428 /* KWHamrestMatchingAdditions.m */ = {isa = PBXFileReference; fileEncoding = 4; lastKnownFileType = sourcecode.c.objc; path = KWHamrestMatchingAdditions.m; sourceTree = "<group>"; };
		26ECC4F2146634E200B83428 /* KWHaveMatcher.h */ = {isa = PBXFileReference; fileEncoding = 4; lastKnownFileType = sourcecode.c.h; path = KWHaveMatcher.h; sourceTree = "<group>"; };
		26ECC4F3146634E200B83428 /* KWHaveMatcher.m */ = {isa = PBXFileReference; fileEncoding = 4; lastKnownFileType = sourcecode.c.objc; path = KWHaveMatcher.m; sourceTree = "<group>"; };
		26ECC4F4146634E200B83428 /* KWHaveValueMatcher.h */ = {isa = PBXFileReference; fileEncoding = 4; lastKnownFileType = sourcecode.c.h; path = KWHaveValueMatcher.h; sourceTree = "<group>"; };
		26ECC4F5146634E200B83428 /* KWHaveValueMatcher.m */ = {isa = PBXFileReference; fileEncoding = 4; lastKnownFileType = sourcecode.c.objc; path = KWHaveValueMatcher.m; sourceTree = "<group>"; };
		26ECC4F6146634E200B83428 /* KWHCMatcher.h */ = {isa = PBXFileReference; fileEncoding = 4; lastKnownFileType = sourcecode.c.h; path = KWHCMatcher.h; sourceTree = "<group>"; };
		26ECC4F7146634E200B83428 /* KWInequalityMatcher.h */ = {isa = PBXFileReference; fileEncoding = 4; lastKnownFileType = sourcecode.c.h; path = KWInequalityMatcher.h; sourceTree = "<group>"; };
		26ECC4F8146634E200B83428 /* KWInequalityMatcher.m */ = {isa = PBXFileReference; fileEncoding = 4; lastKnownFileType = sourcecode.c.objc; path = KWInequalityMatcher.m; sourceTree = "<group>"; };
		26ECC4F9146634E200B83428 /* KWIntercept.h */ = {isa = PBXFileReference; fileEncoding = 4; lastKnownFileType = sourcecode.c.h; path = KWIntercept.h; sourceTree = "<group>"; };
		26ECC4FA146634E200B83428 /* KWIntercept.m */ = {isa = PBXFileReference; fileEncoding = 4; lastKnownFileType = sourcecode.c.objc; path = KWIntercept.m; sourceTree = "<group>"; };
		26ECC4FB146634E200B83428 /* KWInvocationCapturer.h */ = {isa = PBXFileReference; fileEncoding = 4; lastKnownFileType = sourcecode.c.h; path = KWInvocationCapturer.h; sourceTree = "<group>"; };
		26ECC4FC146634E200B83428 /* KWInvocationCapturer.m */ = {isa = PBXFileReference; fileEncoding = 4; lastKnownFileType = sourcecode.c.objc; path = KWInvocationCapturer.m; sourceTree = "<group>"; };
		26ECC4FD146634E200B83428 /* KWItNode.h */ = {isa = PBXFileReference; fileEncoding = 4; lastKnownFileType = sourcecode.c.h; path = KWItNode.h; sourceTree = "<group>"; };
		26ECC4FE146634E200B83428 /* KWItNode.m */ = {isa = PBXFileReference; fileEncoding = 4; lastKnownFileType = sourcecode.c.objc; path = KWItNode.m; sourceTree = "<group>"; };
		26ECC4FF146634E200B83428 /* KWMatcher.h */ = {isa = PBXFileReference; fileEncoding = 4; lastKnownFileType = sourcecode.c.h; path = KWMatcher.h; sourceTree = "<group>"; };
		26ECC500146634E200B83428 /* KWMatcher.m */ = {isa = PBXFileReference; fileEncoding = 4; lastKnownFileType = sourcecode.c.objc; path = KWMatcher.m; sourceTree = "<group>"; };
		26ECC501146634E200B83428 /* KWMatcherFactory.h */ = {isa = PBXFileReference; fileEncoding = 4; lastKnownFileType = sourcecode.c.h; path = KWMatcherFactory.h; sourceTree = "<group>"; };
		26ECC502146634E200B83428 /* KWMatcherFactory.m */ = {isa = PBXFileReference; fileEncoding = 4; lastKnownFileType = sourcecode.c.objc; path = KWMatcherFactory.m; sourceTree = "<group>"; };
		26ECC503146634E200B83428 /* KWMatchers.h */ = {isa = PBXFileReference; fileEncoding = 4; lastKnownFileType = sourcecode.c.h; path = KWMatchers.h; sourceTree = "<group>"; };
		26ECC504146634E200B83428 /* KWMatchers.m */ = {isa = PBXFileReference; fileEncoding = 4; lastKnownFileType = sourcecode.c.objc; path = KWMatchers.m; sourceTree = "<group>"; };
		26ECC505146634E200B83428 /* KWMatching.h */ = {isa = PBXFileReference; fileEncoding = 4; lastKnownFileType = sourcecode.c.h; path = KWMatching.h; sourceTree = "<group>"; };
		26ECC506146634E200B83428 /* KWMatchVerifier.h */ = {isa = PBXFileReference; fileEncoding = 4; lastKnownFileType = sourcecode.c.h; path = KWMatchVerifier.h; sourceTree = "<group>"; };
		26ECC507146634E200B83428 /* KWMatchVerifier.m */ = {isa = PBXFileReference; fileEncoding = 4; lastKnownFileType = sourcecode.c.objc; path = KWMatchVerifier.m; sourceTree = "<group>"; };
		26ECC508146634E200B83428 /* KWMessagePattern.h */ = {isa = PBXFileReference; fileEncoding = 4; lastKnownFileType = sourcecode.c.h; path = KWMessagePattern.h; sourceTree = "<group>"; };
		26ECC509146634E200B83428 /* KWMessagePattern.m */ = {isa = PBXFileReference; fileEncoding = 4; lastKnownFileType = sourcecode.c.objc; path = KWMessagePattern.m; sourceTree = "<group>"; };
		26ECC50A146634E200B83428 /* KWMessageSpying.h */ = {isa = PBXFileReference; fileEncoding = 4; lastKnownFileType = sourcecode.c.h; path = KWMessageSpying.h; sourceTree = "<group>"; };
		26ECC50B146634E200B83428 /* KWMessageTracker.h */ = {isa = PBXFileReference; fileEncoding = 4; lastKnownFileType = sourcecode.c.h; path = KWMessageTracker.h; sourceTree = "<group>"; };
		26ECC50C146634E200B83428 /* KWMessageTracker.m */ = {isa = PBXFileReference; fileEncoding = 4; lastKnownFileType = sourcecode.c.objc; path = KWMessageTracker.m; sourceTree = "<group>"; };
		26ECC50D146634E200B83428 /* KWMock.h */ = {isa = PBXFileReference; fileEncoding = 4; lastKnownFileType = sourcecode.c.h; path = KWMock.h; sourceTree = "<group>"; };
		26ECC50E146634E200B83428 /* KWMock.m */ = {isa = PBXFileReference; fileEncoding = 4; lastKnownFileType = sourcecode.c.objc; path = KWMock.m; sourceTree = "<group>"; };
		26ECC50F146634E200B83428 /* KWNull.h */ = {isa = PBXFileReference; fileEncoding = 4; lastKnownFileType = sourcecode.c.h; path = KWNull.h; sourceTree = "<group>"; };
		26ECC510146634E200B83428 /* KWNull.m */ = {isa = PBXFileReference; fileEncoding = 4; lastKnownFileType = sourcecode.c.objc; path = KWNull.m; sourceTree = "<group>"; };
		26ECC511146634E200B83428 /* KWObjCUtilities.h */ = {isa = PBXFileReference; fileEncoding = 4; lastKnownFileType = sourcecode.c.h; path = KWObjCUtilities.h; sourceTree = "<group>"; };
		26ECC512146634E200B83428 /* KWObjCUtilities.m */ = {isa = PBXFileReference; fileEncoding = 4; lastKnownFileType = sourcecode.c.objc; path = KWObjCUtilities.m; sourceTree = "<group>"; };
		26ECC513146634E200B83428 /* KWPendingNode.h */ = {isa = PBXFileReference; fileEncoding = 4; lastKnownFileType = sourcecode.c.h; path = KWPendingNode.h; sourceTree = "<group>"; };
		26ECC514146634E200B83428 /* KWPendingNode.m */ = {isa = PBXFileReference; fileEncoding = 4; lastKnownFileType = sourcecode.c.objc; path = KWPendingNode.m; sourceTree = "<group>"; };
		26ECC515146634E200B83428 /* KWProbe.h */ = {isa = PBXFileReference; fileEncoding = 4; lastKnownFileType = sourcecode.c.h; path = KWProbe.h; sourceTree = "<group>"; };
		26ECC516146634E200B83428 /* KWProbePoller.h */ = {isa = PBXFileReference; fileEncoding = 4; lastKnownFileType = sourcecode.c.h; path = KWProbePoller.h; sourceTree = "<group>"; };
		26ECC517146634E200B83428 /* KWProbePoller.m */ = {isa = PBXFileReference; fileEncoding = 4; lastKnownFileType = sourcecode.c.objc; path = KWProbePoller.m; sourceTree = "<group>"; };
		26ECC518146634E200B83428 /* KWRaiseMatcher.h */ = {isa = PBXFileReference; fileEncoding = 4; lastKnownFileType = sourcecode.c.h; path = KWRaiseMatcher.h; sourceTree = "<group>"; };
		26ECC519146634E200B83428 /* KWRaiseMatcher.m */ = {isa = PBXFileReference; fileEncoding = 4; lastKnownFileType = sourcecode.c.objc; path = KWRaiseMatcher.m; sourceTree = "<group>"; };
		26ECC51A146634E200B83428 /* KWReceiveMatcher.h */ = {isa = PBXFileReference; fileEncoding = 4; lastKnownFileType = sourcecode.c.h; path = KWReceiveMatcher.h; sourceTree = "<group>"; };
		26ECC51B146634E200B83428 /* KWReceiveMatcher.m */ = {isa = PBXFileReference; fileEncoding = 4; lastKnownFileType = sourcecode.c.objc; path = KWReceiveMatcher.m; sourceTree = "<group>"; };
		26ECC51C146634E200B83428 /* KWRegisterMatchersNode.h */ = {isa = PBXFileReference; fileEncoding = 4; lastKnownFileType = sourcecode.c.h; path = KWRegisterMatchersNode.h; sourceTree = "<group>"; };
		26ECC51D146634E200B83428 /* KWRegisterMatchersNode.m */ = {isa = PBXFileReference; fileEncoding = 4; lastKnownFileType = sourcecode.c.objc; path = KWRegisterMatchersNode.m; sourceTree = "<group>"; };
		26ECC51E146634E200B83428 /* KWReporting.h */ = {isa = PBXFileReference; fileEncoding = 4; lastKnownFileType = sourcecode.c.h; path = KWReporting.h; sourceTree = "<group>"; };
		26ECC51F146634E200B83428 /* KWRespondToSelectorMatcher.h */ = {isa = PBXFileReference; fileEncoding = 4; lastKnownFileType = sourcecode.c.h; path = KWRespondToSelectorMatcher.h; sourceTree = "<group>"; };
		26ECC520146634E200B83428 /* KWRespondToSelectorMatcher.m */ = {isa = PBXFileReference; fileEncoding = 4; lastKnownFileType = sourcecode.c.objc; path = KWRespondToSelectorMatcher.m; sourceTree = "<group>"; };
		26ECC521146634E200B83428 /* KWSpec.h */ = {isa = PBXFileReference; fileEncoding = 4; lastKnownFileType = sourcecode.c.h; path = KWSpec.h; sourceTree = "<group>"; };
		26ECC522146634E200B83428 /* KWSpec.m */ = {isa = PBXFileReference; fileEncoding = 4; lastKnownFileType = sourcecode.c.objc; path = KWSpec.m; sourceTree = "<group>"; };
		26ECC523146634E200B83428 /* KWStringUtilities.h */ = {isa = PBXFileReference; fileEncoding = 4; lastKnownFileType = sourcecode.c.h; path = KWStringUtilities.h; sourceTree = "<group>"; };
		26ECC524146634E200B83428 /* KWStringUtilities.m */ = {isa = PBXFileReference; fileEncoding = 4; lastKnownFileType = sourcecode.c.objc; path = KWStringUtilities.m; sourceTree = "<group>"; };
		26ECC525146634E200B83428 /* KWStub.h */ = {isa = PBXFileReference; fileEncoding = 4; lastKnownFileType = sourcecode.c.h; path = KWStub.h; sourceTree = "<group>"; };
		26ECC526146634E200B83428 /* KWStub.m */ = {isa = PBXFileReference; fileEncoding = 4; lastKnownFileType = sourcecode.c.objc; path = KWStub.m; sourceTree = "<group>"; };
		26ECC527146634E200B83428 /* KWTestCase.h */ = {isa = PBXFileReference; fileEncoding = 4; lastKnownFileType = sourcecode.c.h; path = KWTestCase.h; sourceTree = "<group>"; };
		26ECC528146634E200B83428 /* KWTestCase.m */ = {isa = PBXFileReference; fileEncoding = 4; lastKnownFileType = sourcecode.c.objc; path = KWTestCase.m; sourceTree = "<group>"; };
		26ECC529146634E200B83428 /* KWUserDefinedMatcher.h */ = {isa = PBXFileReference; fileEncoding = 4; lastKnownFileType = sourcecode.c.h; path = KWUserDefinedMatcher.h; sourceTree = "<group>"; };
		26ECC52A146634E200B83428 /* KWUserDefinedMatcher.m */ = {isa = PBXFileReference; fileEncoding = 4; lastKnownFileType = sourcecode.c.objc; path = KWUserDefinedMatcher.m; sourceTree = "<group>"; };
		26ECC52B146634E200B83428 /* KWValue.h */ = {isa = PBXFileReference; fileEncoding = 4; lastKnownFileType = sourcecode.c.h; path = KWValue.h; sourceTree = "<group>"; };
		26ECC52C146634E200B83428 /* KWValue.m */ = {isa = PBXFileReference; fileEncoding = 4; lastKnownFileType = sourcecode.c.objc; path = KWValue.m; sourceTree = "<group>"; };
		26ECC52D146634E200B83428 /* KWVerifying.h */ = {isa = PBXFileReference; fileEncoding = 4; lastKnownFileType = sourcecode.c.h; path = KWVerifying.h; sourceTree = "<group>"; };
		26ECC52E146634E200B83428 /* KWWorkarounds.h */ = {isa = PBXFileReference; fileEncoding = 4; lastKnownFileType = sourcecode.c.h; path = KWWorkarounds.h; sourceTree = "<group>"; };
		26ECC52F146634E200B83428 /* KWWorkarounds.m */ = {isa = PBXFileReference; fileEncoding = 4; lastKnownFileType = sourcecode.c.objc; path = KWWorkarounds.m; sourceTree = "<group>"; };
		26ECC530146634E200B83428 /* NSInvocation+KiwiAdditions.h */ = {isa = PBXFileReference; fileEncoding = 4; lastKnownFileType = sourcecode.c.h; path = "NSInvocation+KiwiAdditions.h"; sourceTree = "<group>"; };
		26ECC531146634E200B83428 /* NSInvocation+KiwiAdditions.m */ = {isa = PBXFileReference; fileEncoding = 4; lastKnownFileType = sourcecode.c.objc; path = "NSInvocation+KiwiAdditions.m"; sourceTree = "<group>"; };
		26ECC532146634E200B83428 /* NSMethodSignature+KiwiAdditions.h */ = {isa = PBXFileReference; fileEncoding = 4; lastKnownFileType = sourcecode.c.h; path = "NSMethodSignature+KiwiAdditions.h"; sourceTree = "<group>"; };
		26ECC533146634E200B83428 /* NSMethodSignature+KiwiAdditions.m */ = {isa = PBXFileReference; fileEncoding = 4; lastKnownFileType = sourcecode.c.objc; path = "NSMethodSignature+KiwiAdditions.m"; sourceTree = "<group>"; };
		26ECC534146634E200B83428 /* NSNumber+KiwiAdditions.h */ = {isa = PBXFileReference; fileEncoding = 4; lastKnownFileType = sourcecode.c.h; path = "NSNumber+KiwiAdditions.h"; sourceTree = "<group>"; };
		26ECC535146634E200B83428 /* NSNumber+KiwiAdditions.m */ = {isa = PBXFileReference; fileEncoding = 4; lastKnownFileType = sourcecode.c.objc; path = "NSNumber+KiwiAdditions.m"; sourceTree = "<group>"; };
		26ECC536146634E200B83428 /* NSObject+KiwiMockAdditions.h */ = {isa = PBXFileReference; fileEncoding = 4; lastKnownFileType = sourcecode.c.h; path = "NSObject+KiwiMockAdditions.h"; sourceTree = "<group>"; };
		26ECC537146634E200B83428 /* NSObject+KiwiMockAdditions.m */ = {isa = PBXFileReference; fileEncoding = 4; lastKnownFileType = sourcecode.c.objc; path = "NSObject+KiwiMockAdditions.m"; sourceTree = "<group>"; };
		26ECC538146634E200B83428 /* NSObject+KiwiStubAdditions.h */ = {isa = PBXFileReference; fileEncoding = 4; lastKnownFileType = sourcecode.c.h; path = "NSObject+KiwiStubAdditions.h"; sourceTree = "<group>"; };
		26ECC539146634E200B83428 /* NSObject+KiwiStubAdditions.m */ = {isa = PBXFileReference; fileEncoding = 4; lastKnownFileType = sourcecode.c.objc; path = "NSObject+KiwiStubAdditions.m"; sourceTree = "<group>"; };
		26ECC53A146634E200B83428 /* NSObject+KiwiVerifierAdditions.h */ = {isa = PBXFileReference; fileEncoding = 4; lastKnownFileType = sourcecode.c.h; path = "NSObject+KiwiVerifierAdditions.h"; sourceTree = "<group>"; };
		26ECC53B146634E200B83428 /* NSObject+KiwiVerifierAdditions.m */ = {isa = PBXFileReference; fileEncoding = 4; lastKnownFileType = sourcecode.c.objc; path = "NSObject+KiwiVerifierAdditions.m"; sourceTree = "<group>"; };
		26ECC53C146634E200B83428 /* NSValue+KiwiAdditions.h */ = {isa = PBXFileReference; fileEncoding = 4; lastKnownFileType = sourcecode.c.h; path = "NSValue+KiwiAdditions.h"; sourceTree = "<group>"; };
		26ECC53D146634E200B83428 /* NSValue+KiwiAdditions.m */ = {isa = PBXFileReference; fileEncoding = 4; lastKnownFileType = sourcecode.c.objc; path = "NSValue+KiwiAdditions.m"; sourceTree = "<group>"; };
		2892E40F0DC94CBA00A64D0F /* CoreGraphics.framework */ = {isa = PBXFileReference; lastKnownFileType = wrapper.framework; name = CoreGraphics.framework; path = System/Library/Frameworks/CoreGraphics.framework; sourceTree = SDKROOT; };
		D15C531712C3F8EF00929E2A /* KoansTests.octest */ = {isa = PBXFileReference; explicitFileType = wrapper.cfbundle; includeInIndex = 0; path = KoansTests.octest; sourceTree = BUILT_PRODUCTS_DIR; };
		D15C531812C3F8EF00929E2A /* KoansTests-Info.plist */ = {isa = PBXFileReference; lastKnownFileType = text.plist.xml; path = "KoansTests-Info.plist"; sourceTree = "<group>"; };
		D15C53E712C3FB6300929E2A /* AboutValueAssertions.m */ = {isa = PBXFileReference; fileEncoding = 4; lastKnownFileType = sourcecode.c.objc; path = AboutValueAssertions.m; sourceTree = "<group>"; };
		D174002412C43FE500775C72 /* AboutNil.m */ = {isa = PBXFileReference; fileEncoding = 4; lastKnownFileType = sourcecode.c.objc; path = AboutNil.m; sourceTree = "<group>"; };
		D17C5AEA12CD6C8300E961B8 /* AboutNSArray.m */ = {isa = PBXFileReference; fileEncoding = 4; lastKnownFileType = sourcecode.c.objc; path = AboutNSArray.m; sourceTree = "<group>"; };
		D51A7FE9146C280F0059076B /* AboutARC.m */ = {isa = PBXFileReference; fileEncoding = 4; lastKnownFileType = sourcecode.c.objc; path = AboutARC.m; sourceTree = "<group>"; };
		D5EA8184146B5FFF00C2F616 /* AboutRetain.m */ = {isa = PBXFileReference; fileEncoding = 4; lastKnownFileType = sourcecode.c.objc; path = AboutRetain.m; sourceTree = "<group>"; };
/* End PBXFileReference section */

/* Begin PBXFrameworksBuildPhase section */
		D15C531412C3F8EF00929E2A /* Frameworks */ = {
			isa = PBXFrameworksBuildPhase;
			buildActionMask = 2147483647;
			files = (
			);
			runOnlyForDeploymentPostprocessing = 0;
		};
/* End PBXFrameworksBuildPhase section */

/* Begin PBXGroup section */
		19C28FACFE9D520D11CA2CBB /* Products */ = {
			isa = PBXGroup;
			children = (
				D15C531712C3F8EF00929E2A /* KoansTests.octest */,
			);
			name = Products;
			sourceTree = "<group>";
		};
		29B97314FDCFA39411CA2CEA /* CustomTemplate */ = {
			isa = PBXGroup;
			children = (
				D15C531112C3F8C700929E2A /* Tests */,
				29B97323FDCFA39411CA2CEA /* Frameworks */,
				19C28FACFE9D520D11CA2CBB /* Products */,
				D15C531812C3F8EF00929E2A /* KoansTests-Info.plist */,
			);
			name = CustomTemplate;
			sourceTree = "<group>";
		};
		29B97323FDCFA39411CA2CEA /* Frameworks */ = {
			isa = PBXGroup;
			children = (
				1DF5F4DF0D08C38300B7A737 /* UIKit.framework */,
				1D30AB110D05D00D00671497 /* Foundation.framework */,
				2892E40F0DC94CBA00A64D0F /* CoreGraphics.framework */,
			);
			name = Frameworks;
			sourceTree = "<group>";
		};
		D15C531112C3F8C700929E2A /* Tests */ = {
			isa = PBXGroup;
			children = (
				D51A7FE9146C280F0059076B /* AboutARC.m */,
				D5EA8184146B5FFF00C2F616 /* AboutRetain.m */,
				D15C531C12C3F9A000929E2A /* Kiwi */,
				D15C53E712C3FB6300929E2A /* AboutValueAssertions.m */,
				D174002412C43FE500775C72 /* AboutNil.m */,
				D17C5AEA12CD6C8300E961B8 /* AboutNSArray.m */,
			);
			name = Tests;
			sourceTree = "<group>";
		};
		D15C531C12C3F9A000929E2A /* Kiwi */ = {
			isa = PBXGroup;
			children = (
				26ECC4A8146634E200B83428 /* Kiwi.h */,
				26ECC4A9146634E200B83428 /* KiwiBlockMacros.h */,
				26ECC4AA146634E200B83428 /* KiwiConfiguration.h */,
				26ECC4AB146634E200B83428 /* KiwiMacros.h */,
				26ECC4AC146634E200B83428 /* KiwiNewMacros.h */,
				26ECC4AD146634E200B83428 /* KWAfterAllNode.h */,
				26ECC4AE146634E200B83428 /* KWAfterAllNode.m */,
				26ECC4AF146634E200B83428 /* KWAfterEachNode.h */,
				26ECC4B0146634E200B83428 /* KWAfterEachNode.m */,
				26ECC4B1146634E200B83428 /* KWAsyncVerifier.h */,
				26ECC4B2146634E200B83428 /* KWAsyncVerifier.m */,
				26ECC4B3146634E200B83428 /* KWBeBetweenMatcher.h */,
				26ECC4B4146634E200B83428 /* KWBeBetweenMatcher.m */,
				26ECC4B5146634E200B83428 /* KWBeEmptyMatcher.h */,
				26ECC4B6146634E200B83428 /* KWBeEmptyMatcher.m */,
				26ECC4B7146634E200B83428 /* KWBeforeAllNode.h */,
				26ECC4B8146634E200B83428 /* KWBeforeAllNode.m */,
				26ECC4B9146634E200B83428 /* KWBeforeEachNode.h */,
				26ECC4BA146634E200B83428 /* KWBeforeEachNode.m */,
				26ECC4BB146634E200B83428 /* KWBeIdenticalToMatcher.h */,
				26ECC4BC146634E200B83428 /* KWBeIdenticalToMatcher.m */,
				26ECC4BD146634E200B83428 /* KWBeKindOfClassMatcher.h */,
				26ECC4BE146634E200B83428 /* KWBeKindOfClassMatcher.m */,
				26ECC4BF146634E200B83428 /* KWBeMemberOfClassMatcher.h */,
				26ECC4C0146634E200B83428 /* KWBeMemberOfClassMatcher.m */,
				26ECC4C1146634E200B83428 /* KWBeNilMatcher.h */,
				26ECC4C2146634E200B83428 /* KWBeNilMatcher.m */,
				26ECC4C3146634E200B83428 /* KWBeNonNilMatcher.h */,
				26ECC4C4146634E200B83428 /* KWBeNonNilMatcher.m */,
				26ECC4C5146634E200B83428 /* KWBeTrueMatcher.h */,
				26ECC4C6146634E200B83428 /* KWBeTrueMatcher.m */,
				26ECC4C7146634E200B83428 /* KWBeWithinMatcher.h */,
				26ECC4C8146634E200B83428 /* KWBeWithinMatcher.m */,
				26ECC4C9146634E200B83428 /* KWBeZeroMatcher.h */,
				26ECC4CA146634E200B83428 /* KWBeZeroMatcher.m */,
				26ECC4CB146634E200B83428 /* KWBlock.h */,
				26ECC4CC146634E200B83428 /* KWBlock.m */,
				26ECC4CD146634E200B83428 /* KWBlockNode.h */,
				26ECC4CE146634E200B83428 /* KWBlockNode.m */,
				26ECC4CF146634E200B83428 /* KWBlockRaiseMatcher.h */,
				26ECC4D0146634E200B83428 /* KWBlockRaiseMatcher.m */,
				26ECC4D1146634E200B83428 /* KWCallSite.h */,
				26ECC4D2146634E200B83428 /* KWCallSite.m */,
				26ECC4D3146634E200B83428 /* KWConformToProtocolMatcher.h */,
				26ECC4D4146634E200B83428 /* KWConformToProtocolMatcher.m */,
				26ECC4D5146634E200B83428 /* KWContainMatcher.h */,
				26ECC4D6146634E200B83428 /* KWContainMatcher.m */,
				26ECC4D7146634E200B83428 /* KWContextNode.h */,
				26ECC4D8146634E200B83428 /* KWContextNode.m */,
				26ECC4D9146634E200B83428 /* KWCountType.h */,
				26ECC4DA146634E200B83428 /* KWDeviceInfo.h */,
				26ECC4DB146634E200B83428 /* KWDeviceInfo.m */,
				26ECC4DC146634E200B83428 /* KWEqualMatcher.h */,
				26ECC4DD146634E200B83428 /* KWEqualMatcher.m */,
				26ECC4DE146634E200B83428 /* KWExampleGroup.h */,
				26ECC4DF146634E200B83428 /* KWExampleGroup.m */,
				26ECC4E0146634E200B83428 /* KWExampleGroupBuilder.h */,
				26ECC4E1146634E200B83428 /* KWExampleGroupBuilder.m */,
				26ECC4E2146634E200B83428 /* KWExampleGroupDelegate.h */,
				26ECC4E3146634E200B83428 /* KWExampleNode.h */,
				26ECC4E4146634E200B83428 /* KWExampleNodeVisitor.h */,
				26ECC4E5146634E200B83428 /* KWExistVerifier.h */,
				26ECC4E6146634E200B83428 /* KWExistVerifier.m */,
				26ECC4E7146634E200B83428 /* KWExpectationType.h */,
				26ECC4E8146634E200B83428 /* KWFailure.h */,
				26ECC4E9146634E200B83428 /* KWFailure.m */,
				26ECC4EA146634E200B83428 /* KWFormatter.h */,
				26ECC4EB146634E200B83428 /* KWFormatter.m */,
				26ECC4EC146634E200B83428 /* KWFutureObject.h */,
				26ECC4ED146634E200B83428 /* KWFutureObject.m */,
				26ECC4EE146634E200B83428 /* KWHamcrestMatcher.h */,
				26ECC4EF146634E200B83428 /* KWHamcrestMatcher.m */,
				26ECC4F0146634E200B83428 /* KWHamrestMatchingAdditions.h */,
				26ECC4F1146634E200B83428 /* KWHamrestMatchingAdditions.m */,
				26ECC4F2146634E200B83428 /* KWHaveMatcher.h */,
				26ECC4F3146634E200B83428 /* KWHaveMatcher.m */,
				26ECC4F4146634E200B83428 /* KWHaveValueMatcher.h */,
				26ECC4F5146634E200B83428 /* KWHaveValueMatcher.m */,
				26ECC4F6146634E200B83428 /* KWHCMatcher.h */,
				26ECC4F7146634E200B83428 /* KWInequalityMatcher.h */,
				26ECC4F8146634E200B83428 /* KWInequalityMatcher.m */,
				26ECC4F9146634E200B83428 /* KWIntercept.h */,
				26ECC4FA146634E200B83428 /* KWIntercept.m */,
				26ECC4FB146634E200B83428 /* KWInvocationCapturer.h */,
				26ECC4FC146634E200B83428 /* KWInvocationCapturer.m */,
				26ECC4FD146634E200B83428 /* KWItNode.h */,
				26ECC4FE146634E200B83428 /* KWItNode.m */,
				26ECC4FF146634E200B83428 /* KWMatcher.h */,
				26ECC500146634E200B83428 /* KWMatcher.m */,
				26ECC501146634E200B83428 /* KWMatcherFactory.h */,
				26ECC502146634E200B83428 /* KWMatcherFactory.m */,
				26ECC503146634E200B83428 /* KWMatchers.h */,
				26ECC504146634E200B83428 /* KWMatchers.m */,
				26ECC505146634E200B83428 /* KWMatching.h */,
				26ECC506146634E200B83428 /* KWMatchVerifier.h */,
				26ECC507146634E200B83428 /* KWMatchVerifier.m */,
				26ECC508146634E200B83428 /* KWMessagePattern.h */,
				26ECC509146634E200B83428 /* KWMessagePattern.m */,
				26ECC50A146634E200B83428 /* KWMessageSpying.h */,
				26ECC50B146634E200B83428 /* KWMessageTracker.h */,
				26ECC50C146634E200B83428 /* KWMessageTracker.m */,
				26ECC50D146634E200B83428 /* KWMock.h */,
				26ECC50E146634E200B83428 /* KWMock.m */,
				26ECC50F146634E200B83428 /* KWNull.h */,
				26ECC510146634E200B83428 /* KWNull.m */,
				26ECC511146634E200B83428 /* KWObjCUtilities.h */,
				26ECC512146634E200B83428 /* KWObjCUtilities.m */,
				26ECC513146634E200B83428 /* KWPendingNode.h */,
				26ECC514146634E200B83428 /* KWPendingNode.m */,
				26ECC515146634E200B83428 /* KWProbe.h */,
				26ECC516146634E200B83428 /* KWProbePoller.h */,
				26ECC517146634E200B83428 /* KWProbePoller.m */,
				26ECC518146634E200B83428 /* KWRaiseMatcher.h */,
				26ECC519146634E200B83428 /* KWRaiseMatcher.m */,
				26ECC51A146634E200B83428 /* KWReceiveMatcher.h */,
				26ECC51B146634E200B83428 /* KWReceiveMatcher.m */,
				26ECC51C146634E200B83428 /* KWRegisterMatchersNode.h */,
				26ECC51D146634E200B83428 /* KWRegisterMatchersNode.m */,
				26ECC51E146634E200B83428 /* KWReporting.h */,
				26ECC51F146634E200B83428 /* KWRespondToSelectorMatcher.h */,
				26ECC520146634E200B83428 /* KWRespondToSelectorMatcher.m */,
				26ECC521146634E200B83428 /* KWSpec.h */,
				26ECC522146634E200B83428 /* KWSpec.m */,
				26ECC523146634E200B83428 /* KWStringUtilities.h */,
				26ECC524146634E200B83428 /* KWStringUtilities.m */,
				26ECC525146634E200B83428 /* KWStub.h */,
				26ECC526146634E200B83428 /* KWStub.m */,
				26ECC527146634E200B83428 /* KWTestCase.h */,
				26ECC528146634E200B83428 /* KWTestCase.m */,
				26ECC529146634E200B83428 /* KWUserDefinedMatcher.h */,
				26ECC52A146634E200B83428 /* KWUserDefinedMatcher.m */,
				26ECC52B146634E200B83428 /* KWValue.h */,
				26ECC52C146634E200B83428 /* KWValue.m */,
				26ECC52D146634E200B83428 /* KWVerifying.h */,
				26ECC52E146634E200B83428 /* KWWorkarounds.h */,
				26ECC52F146634E200B83428 /* KWWorkarounds.m */,
				26ECC530146634E200B83428 /* NSInvocation+KiwiAdditions.h */,
				26ECC531146634E200B83428 /* NSInvocation+KiwiAdditions.m */,
				26ECC532146634E200B83428 /* NSMethodSignature+KiwiAdditions.h */,
				26ECC533146634E200B83428 /* NSMethodSignature+KiwiAdditions.m */,
				26ECC534146634E200B83428 /* NSNumber+KiwiAdditions.h */,
				26ECC535146634E200B83428 /* NSNumber+KiwiAdditions.m */,
				26ECC536146634E200B83428 /* NSObject+KiwiMockAdditions.h */,
				26ECC537146634E200B83428 /* NSObject+KiwiMockAdditions.m */,
				26ECC538146634E200B83428 /* NSObject+KiwiStubAdditions.h */,
				26ECC539146634E200B83428 /* NSObject+KiwiStubAdditions.m */,
				26ECC53A146634E200B83428 /* NSObject+KiwiVerifierAdditions.h */,
				26ECC53B146634E200B83428 /* NSObject+KiwiVerifierAdditions.m */,
				26ECC53C146634E200B83428 /* NSValue+KiwiAdditions.h */,
				26ECC53D146634E200B83428 /* NSValue+KiwiAdditions.m */,
			);
			path = Kiwi;
			sourceTree = "<group>";
		};
/* End PBXGroup section */

/* Begin PBXNativeTarget section */
		D15C531612C3F8EF00929E2A /* KoansTests */ = {
			isa = PBXNativeTarget;
			buildConfigurationList = D15C531B12C3F8F000929E2A /* Build configuration list for PBXNativeTarget "KoansTests" */;
			buildPhases = (
				D15C531212C3F8EF00929E2A /* Resources */,
				D15C531312C3F8EF00929E2A /* Sources */,
				D15C531412C3F8EF00929E2A /* Frameworks */,
				D15C531512C3F8EF00929E2A /* ShellScript */,
			);
			buildRules = (
			);
			dependencies = (
			);
			name = KoansTests;
			productName = KoansTests;
			productReference = D15C531712C3F8EF00929E2A /* KoansTests.octest */;
			productType = "com.apple.product-type.bundle";
		};
/* End PBXNativeTarget section */

/* Begin PBXProject section */
		29B97313FDCFA39411CA2CEA /* Project object */ = {
			isa = PBXProject;
			attributes = {
				LastUpgradeCheck = 0420;
			};
			buildConfigurationList = C01FCF4E08A954540054247B /* Build configuration list for PBXProject "ObjectiveCKoans" */;
			compatibilityVersion = "Xcode 3.2";
			developmentRegion = English;
			hasScannedForEncodings = 1;
			knownRegions = (
				English,
				Japanese,
				French,
				German,
				en,
			);
			mainGroup = 29B97314FDCFA39411CA2CEA /* CustomTemplate */;
			projectDirPath = "";
			projectRoot = "";
			targets = (
				D15C531612C3F8EF00929E2A /* KoansTests */,
			);
		};
/* End PBXProject section */

/* Begin PBXResourcesBuildPhase section */
		D15C531212C3F8EF00929E2A /* Resources */ = {
			isa = PBXResourcesBuildPhase;
			buildActionMask = 2147483647;
			files = (
			);
			runOnlyForDeploymentPostprocessing = 0;
		};
/* End PBXResourcesBuildPhase section */

/* Begin PBXShellScriptBuildPhase section */
		D15C531512C3F8EF00929E2A /* ShellScript */ = {
			isa = PBXShellScriptBuildPhase;
			buildActionMask = 2147483647;
			files = (
			);
			inputPaths = (
			);
			outputPaths = (
			);
			runOnlyForDeploymentPostprocessing = 0;
			shellPath = /bin/sh;
			shellScript = "# Run the unit tests in this test bundle.\n\"${SYSTEM_DEVELOPER_DIR}/Tools/RunUnitTests\"\n";
		};
/* End PBXShellScriptBuildPhase section */

/* Begin PBXSourcesBuildPhase section */
		D15C531312C3F8EF00929E2A /* Sources */ = {
			isa = PBXSourcesBuildPhase;
			buildActionMask = 2147483647;
			files = (
				D15C53E812C3FB6300929E2A /* AboutValueAssertions.m in Sources */,
				D174002512C43FE500775C72 /* AboutNil.m in Sources */,
				D17C5AEB12CD6C8300E961B8 /* AboutNSArray.m in Sources */,
				26ECC53E146634E200B83428 /* KWAfterAllNode.m in Sources */,
				26ECC53F146634E200B83428 /* KWAfterEachNode.m in Sources */,
				26ECC540146634E200B83428 /* KWAsyncVerifier.m in Sources */,
				26ECC541146634E200B83428 /* KWBeBetweenMatcher.m in Sources */,
				26ECC542146634E200B83428 /* KWBeEmptyMatcher.m in Sources */,
				26ECC543146634E200B83428 /* KWBeforeAllNode.m in Sources */,
				26ECC544146634E200B83428 /* KWBeforeEachNode.m in Sources */,
				26ECC545146634E200B83428 /* KWBeIdenticalToMatcher.m in Sources */,
				26ECC546146634E200B83428 /* KWBeKindOfClassMatcher.m in Sources */,
				26ECC547146634E200B83428 /* KWBeMemberOfClassMatcher.m in Sources */,
				26ECC548146634E200B83428 /* KWBeNilMatcher.m in Sources */,
				26ECC549146634E200B83428 /* KWBeNonNilMatcher.m in Sources */,
				26ECC54A146634E200B83428 /* KWBeTrueMatcher.m in Sources */,
				26ECC54B146634E200B83428 /* KWBeWithinMatcher.m in Sources */,
				26ECC54C146634E200B83428 /* KWBeZeroMatcher.m in Sources */,
				26ECC54D146634E200B83428 /* KWBlock.m in Sources */,
				26ECC54E146634E200B83428 /* KWBlockNode.m in Sources */,
				26ECC54F146634E200B83428 /* KWBlockRaiseMatcher.m in Sources */,
				26ECC550146634E200B83428 /* KWCallSite.m in Sources */,
				26ECC551146634E200B83428 /* KWConformToProtocolMatcher.m in Sources */,
				26ECC552146634E200B83428 /* KWContainMatcher.m in Sources */,
				26ECC553146634E200B83428 /* KWContextNode.m in Sources */,
				26ECC554146634E200B83428 /* KWDeviceInfo.m in Sources */,
				26ECC555146634E200B83428 /* KWEqualMatcher.m in Sources */,
				26ECC556146634E200B83428 /* KWExampleGroup.m in Sources */,
				26ECC557146634E200B83428 /* KWExampleGroupBuilder.m in Sources */,
				26ECC558146634E200B83428 /* KWExistVerifier.m in Sources */,
				26ECC559146634E200B83428 /* KWFailure.m in Sources */,
				26ECC55A146634E200B83428 /* KWFormatter.m in Sources */,
				26ECC55B146634E200B83428 /* KWFutureObject.m in Sources */,
				26ECC55C146634E200B83428 /* KWHamcrestMatcher.m in Sources */,
				26ECC55D146634E200B83428 /* KWHamrestMatchingAdditions.m in Sources */,
				26ECC55E146634E200B83428 /* KWHaveMatcher.m in Sources */,
				26ECC55F146634E200B83428 /* KWHaveValueMatcher.m in Sources */,
				26ECC560146634E200B83428 /* KWInequalityMatcher.m in Sources */,
				26ECC561146634E200B83428 /* KWIntercept.m in Sources */,
				26ECC562146634E200B83428 /* KWInvocationCapturer.m in Sources */,
				26ECC563146634E200B83428 /* KWItNode.m in Sources */,
				26ECC564146634E200B83428 /* KWMatcher.m in Sources */,
				26ECC565146634E200B83428 /* KWMatcherFactory.m in Sources */,
				26ECC566146634E200B83428 /* KWMatchers.m in Sources */,
				26ECC567146634E200B83428 /* KWMatchVerifier.m in Sources */,
				26ECC568146634E200B83428 /* KWMessagePattern.m in Sources */,
				26ECC569146634E200B83428 /* KWMessageTracker.m in Sources */,
				26ECC56A146634E200B83428 /* KWMock.m in Sources */,
				26ECC56B146634E200B83428 /* KWNull.m in Sources */,
				26ECC56C146634E200B83428 /* KWObjCUtilities.m in Sources */,
				26ECC56D146634E200B83428 /* KWPendingNode.m in Sources */,
				26ECC56E146634E200B83428 /* KWProbePoller.m in Sources */,
				26ECC56F146634E200B83428 /* KWRaiseMatcher.m in Sources */,
				26ECC570146634E200B83428 /* KWReceiveMatcher.m in Sources */,
				26ECC571146634E200B83428 /* KWRegisterMatchersNode.m in Sources */,
				26ECC572146634E200B83428 /* KWRespondToSelectorMatcher.m in Sources */,
				26ECC573146634E200B83428 /* KWSpec.m in Sources */,
				26ECC574146634E200B83428 /* KWStringUtilities.m in Sources */,
				26ECC575146634E200B83428 /* KWStub.m in Sources */,
				26ECC576146634E200B83428 /* KWTestCase.m in Sources */,
				26ECC577146634E200B83428 /* KWUserDefinedMatcher.m in Sources */,
				26ECC578146634E200B83428 /* KWValue.m in Sources */,
				26ECC579146634E200B83428 /* KWWorkarounds.m in Sources */,
				26ECC57A146634E200B83428 /* NSInvocation+KiwiAdditions.m in Sources */,
				26ECC57B146634E200B83428 /* NSMethodSignature+KiwiAdditions.m in Sources */,
				26ECC57C146634E200B83428 /* NSNumber+KiwiAdditions.m in Sources */,
				26ECC57D146634E200B83428 /* NSObject+KiwiMockAdditions.m in Sources */,
				26ECC57E146634E200B83428 /* NSObject+KiwiStubAdditions.m in Sources */,
				26ECC57F146634E200B83428 /* NSObject+KiwiVerifierAdditions.m in Sources */,
				26ECC580146634E200B83428 /* NSValue+KiwiAdditions.m in Sources */,
				D5EA8185146B5FFF00C2F616 /* AboutRetain.m in Sources */,
				D51A7FEA146C280F0059076B /* AboutARC.m in Sources */,
			);
			runOnlyForDeploymentPostprocessing = 0;
		};
/* End PBXSourcesBuildPhase section */

/* Begin XCBuildConfiguration section */
		C01FCF4F08A954540054247B /* Debug */ = {
			isa = XCBuildConfiguration;
			buildSettings = {
				ARCHS = "$(ARCHS_STANDARD_32_BIT)";
				CLANG_ENABLE_OBJC_ARC = YES;
				"CODE_SIGN_IDENTITY[sdk=iphoneos*]" = "iPhone Developer";
				GCC_C_LANGUAGE_STANDARD = c99;
				GCC_WARN_ABOUT_RETURN_TYPE = YES;
				GCC_WARN_UNUSED_VARIABLE = YES;
				IPHONEOS_DEPLOYMENT_TARGET = 5.0;
				SDKROOT = iphoneos;
				TARGETED_DEVICE_FAMILY = 1;
			};
			name = Debug;
		};
		C01FCF5008A954540054247B /* Release */ = {
			isa = XCBuildConfiguration;
			buildSettings = {
				ARCHS = "$(ARCHS_STANDARD_32_BIT)";
				CLANG_ENABLE_OBJC_ARC = YES;
				"CODE_SIGN_IDENTITY[sdk=iphoneos*]" = "iPhone Developer";
				GCC_C_LANGUAGE_STANDARD = c99;
				GCC_WARN_ABOUT_RETURN_TYPE = YES;
				GCC_WARN_UNUSED_VARIABLE = YES;
				IPHONEOS_DEPLOYMENT_TARGET = 5.0;
				OTHER_CFLAGS = "-DNS_BLOCK_ASSERTIONS=1";
				SDKROOT = iphoneos;
				TARGETED_DEVICE_FAMILY = 1;
			};
			name = Release;
		};
		D15C531912C3F8F000929E2A /* Debug */ = {
			isa = XCBuildConfiguration;
			buildSettings = {
				ALWAYS_SEARCH_USER_PATHS = NO;
				"CODE_SIGN_IDENTITY[sdk=iphoneos*]" = "";
				COPY_PHASE_STRIP = NO;
				FRAMEWORK_SEARCH_PATHS = (
					"\"$(SDKROOT)/Developer/Library/Frameworks\"",
					"\"$(DEVELOPER_LIBRARY_DIR)/Frameworks\"",
				);
				GCC_DYNAMIC_NO_PIC = NO;
				GCC_ENABLE_OBJC_EXCEPTIONS = YES;
				GCC_OPTIMIZATION_LEVEL = 0;
				INFOPLIST_FILE = "KoansTests-Info.plist";
				OTHER_LDFLAGS = (
					"-framework",
					Foundation,
					"-framework",
					SenTestingKit,
					"-framework",
					UIKit,
				);
				PRODUCT_NAME = KoansTests;
				SDKROOT = iphoneos;
				WRAPPER_EXTENSION = octest;
			};
			name = Debug;
		};
		D15C531A12C3F8F000929E2A /* Release */ = {
			isa = XCBuildConfiguration;
			buildSettings = {
				ALWAYS_SEARCH_USER_PATHS = NO;
				"CODE_SIGN_IDENTITY[sdk=iphoneos*]" = "";
				COPY_PHASE_STRIP = YES;
				DEBUG_INFORMATION_FORMAT = "dwarf-with-dsym";
				FRAMEWORK_SEARCH_PATHS = (
					"\"$(SDKROOT)/Developer/Library/Frameworks\"",
					"\"$(DEVELOPER_LIBRARY_DIR)/Frameworks\"",
				);
				GCC_ENABLE_OBJC_EXCEPTIONS = YES;
				INFOPLIST_FILE = "KoansTests-Info.plist";
				OTHER_LDFLAGS = (
					"-framework",
					Foundation,
					"-framework",
					SenTestingKit,
					"-framework",
					UIKit,
				);
				PRODUCT_NAME = KoansTests;
				SDKROOT = iphoneos;
				WRAPPER_EXTENSION = octest;
				ZERO_LINK = NO;
			};
			name = Release;
		};
/* End XCBuildConfiguration section */

/* Begin XCConfigurationList section */
		C01FCF4E08A954540054247B /* Build configuration list for PBXProject "ObjectiveCKoans" */ = {
			isa = XCConfigurationList;
			buildConfigurations = (
				C01FCF4F08A954540054247B /* Debug */,
				C01FCF5008A954540054247B /* Release */,
			);
			defaultConfigurationIsVisible = 0;
			defaultConfigurationName = Release;
		};
		D15C531B12C3F8F000929E2A /* Build configuration list for PBXNativeTarget "KoansTests" */ = {
			isa = XCConfigurationList;
			buildConfigurations = (
				D15C531912C3F8F000929E2A /* Debug */,
				D15C531A12C3F8F000929E2A /* Release */,
			);
			defaultConfigurationIsVisible = 0;
			defaultConfigurationName = Release;
		};
/* End XCConfigurationList section */
	};
	rootObject = 29B97313FDCFA39411CA2CEA /* Project object */;
}
